// !$*UTF8*$!
{
	archiveVersion = 1;
	classes = {
	};
	objectVersion = 46;
	objects = {

/* Begin PBXBuildFile section */
		3F177EC81C510DC800698652 /* IGMasker.m in Sources */ = {isa = PBXBuildFile; fileRef = 3F177EC71C510DC800698652 /* IGMasker.m */; };
		3F177ECB1C51230900698652 /* IGMaskerController.m in Sources */ = {isa = PBXBuildFile; fileRef = 3F177ECA1C51230900698652 /* IGMaskerController.m */; };
		3F177ED31C51E8AE00698652 /* IGDisplayer.m in Sources */ = {isa = PBXBuildFile; fileRef = 3F177ED21C51E8AE00698652 /* IGDisplayer.m */; };
		3F177ED61C53502900698652 /* IGDisplayerController.m in Sources */ = {isa = PBXBuildFile; fileRef = 3F177ED51C53502900698652 /* IGDisplayerController.m */; };
		3F177EDA1C536E3D00698652 /* UIScrollView+IGFlush.m in Sources */ = {isa = PBXBuildFile; fileRef = 3F177ED91C536E3D00698652 /* UIScrollView+IGFlush.m */; };
		3F177EDD1C536E5200698652 /* IGFlushTop.m in Sources */ = {isa = PBXBuildFile; fileRef = 3F177EDC1C536E5200698652 /* IGFlushTop.m */; };
		3F177EE01C536E5B00698652 /* IGFlushBottom.m in Sources */ = {isa = PBXBuildFile; fileRef = 3F177EDF1C536E5B00698652 /* IGFlushBottom.m */; };
		3F179A511C33FCFA0036A8CE /* IGCarousel.m in Sources */ = {isa = PBXBuildFile; fileRef = 3F179A501C33FCFA0036A8CE /* IGCarousel.m */; };
		3F3D45471C3B948700C6D9B3 /* NSObject+IGKit.m in Sources */ = {isa = PBXBuildFile; fileRef = 3F3D45321C3B948700C6D9B3 /* NSObject+IGKit.m */; };
		3F3D45481C3B948700C6D9B3 /* NSObject+System.m in Sources */ = {isa = PBXBuildFile; fileRef = 3F3D45341C3B948700C6D9B3 /* NSObject+System.m */; };
		3F3D45491C3B948700C6D9B3 /* NSString+IGKit.m in Sources */ = {isa = PBXBuildFile; fileRef = 3F3D45361C3B948700C6D9B3 /* NSString+IGKit.m */; };
		3F3D454A1C3B948700C6D9B3 /* CALayer+IGKit.m in Sources */ = {isa = PBXBuildFile; fileRef = 3F3D453A1C3B948700C6D9B3 /* CALayer+IGKit.m */; };
		3F3D454B1C3B948700C6D9B3 /* UIButton+IGKit.m in Sources */ = {isa = PBXBuildFile; fileRef = 3F3D453C1C3B948700C6D9B3 /* UIButton+IGKit.m */; };
		3F3D454C1C3B948700C6D9B3 /* UIColor+IGKit.m in Sources */ = {isa = PBXBuildFile; fileRef = 3F3D453E1C3B948700C6D9B3 /* UIColor+IGKit.m */; };
		3F3D454D1C3B948700C6D9B3 /* UIImage+IGKit.m in Sources */ = {isa = PBXBuildFile; fileRef = 3F3D45401C3B948700C6D9B3 /* UIImage+IGKit.m */; };
		3F3D454E1C3B948700C6D9B3 /* UIImageView+IGKit.m in Sources */ = {isa = PBXBuildFile; fileRef = 3F3D45421C3B948700C6D9B3 /* UIImageView+IGKit.m */; };
		3F3D454F1C3B948700C6D9B3 /* UILabel+IGKit.m in Sources */ = {isa = PBXBuildFile; fileRef = 3F3D45441C3B948700C6D9B3 /* UILabel+IGKit.m */; };
		3F3D45501C3B948700C6D9B3 /* UIView+IGKit.m in Sources */ = {isa = PBXBuildFile; fileRef = 3F3D45461C3B948700C6D9B3 /* UIView+IGKit.m */; };
		3F3D455D1C3B996600C6D9B3 /* IGPhotoScannerController.m in Sources */ = {isa = PBXBuildFile; fileRef = 3F3D455C1C3B996600C6D9B3 /* IGPhotoScannerController.m */; };
		3F3D455F1C3B99BB00C6D9B3 /* wow.jpg in Resources */ = {isa = PBXBuildFile; fileRef = 3F3D455E1C3B99BB00C6D9B3 /* wow.jpg */; };
		3F6E92731C55248A00E8A050 /* arrow_top.png in Resources */ = {isa = PBXBuildFile; fileRef = 3F6E92721C55248A00E8A050 /* arrow_top.png */; };
		3F736B6C1C3A685900DB861F /* IGCustomUIController.xib in Resources */ = {isa = PBXBuildFile; fileRef = 3F736B6A1C3A685900DB861F /* IGCustomUIController.xib */; };
		3F9E2CA51C33631500C9B284 /* main.m in Sources */ = {isa = PBXBuildFile; fileRef = 3F9E2CA41C33631500C9B284 /* main.m */; };
		3F9E2CA81C33631500C9B284 /* AppDelegate.m in Sources */ = {isa = PBXBuildFile; fileRef = 3F9E2CA71C33631500C9B284 /* AppDelegate.m */; };
		3F9E2CAB1C33631500C9B284 /* ViewController.m in Sources */ = {isa = PBXBuildFile; fileRef = 3F9E2CAA1C33631500C9B284 /* ViewController.m */; };
		3F9E2CAE1C33631500C9B284 /* Main.storyboard in Resources */ = {isa = PBXBuildFile; fileRef = 3F9E2CAC1C33631500C9B284 /* Main.storyboard */; };
		3F9E2CB01C33631500C9B284 /* Assets.xcassets in Resources */ = {isa = PBXBuildFile; fileRef = 3F9E2CAF1C33631500C9B284 /* Assets.xcassets */; };
		3F9E2CB31C33631500C9B284 /* LaunchScreen.storyboard in Resources */ = {isa = PBXBuildFile; fileRef = 3F9E2CB11C33631500C9B284 /* LaunchScreen.storyboard */; };
		3F9E2CBE1C33631500C9B284 /* IGCustomTests.m in Sources */ = {isa = PBXBuildFile; fileRef = 3F9E2CBD1C33631500C9B284 /* IGCustomTests.m */; };
		3F9E2CC91C33631500C9B284 /* IGCustomUITests.m in Sources */ = {isa = PBXBuildFile; fileRef = 3F9E2CC81C33631500C9B284 /* IGCustomUITests.m */; };
		3F9E2D0C1C33663900C9B284 /* IGPhotoObject.m in Sources */ = {isa = PBXBuildFile; fileRef = 3F9E2CF71C33663900C9B284 /* IGPhotoObject.m */; };
		3F9E2D0D1C33663900C9B284 /* IGPhotoScanner.m in Sources */ = {isa = PBXBuildFile; fileRef = 3F9E2CF91C33663900C9B284 /* IGPhotoScanner.m */; };
		3F9E2D0E1C33663900C9B284 /* IGPhotoToolbar.m in Sources */ = {isa = PBXBuildFile; fileRef = 3F9E2CFB1C33663900C9B284 /* IGPhotoToolbar.m */; };
		3F9E2D0F1C33663900C9B284 /* IGPhotoViewCell.m in Sources */ = {isa = PBXBuildFile; fileRef = 3F9E2CFD1C33663900C9B284 /* IGPhotoViewCell.m */; };
		3F9E2D181C33675B00C9B284 /* IGBaseTableView.m in Sources */ = {isa = PBXBuildFile; fileRef = 3F9E2D171C33675B00C9B284 /* IGBaseTableView.m */; };
		3F9E2D3B1C3367AD00C9B284 /* LICENSE in Resources */ = {isa = PBXBuildFile; fileRef = 3F9E2D1B1C3367AD00C9B284 /* LICENSE */; };
		3F9E2D3C1C3367AD00C9B284 /* README.md in Sources */ = {isa = PBXBuildFile; fileRef = 3F9E2D1C1C3367AD00C9B284 /* README.md */; };
		3F9E2D3D1C3367AD00C9B284 /* NSData+ImageContentType.m in Sources */ = {isa = PBXBuildFile; fileRef = 3F9E2D1F1C3367AD00C9B284 /* NSData+ImageContentType.m */; };
		3F9E2D3E1C3367AD00C9B284 /* SDImageCache.m in Sources */ = {isa = PBXBuildFile; fileRef = 3F9E2D211C3367AD00C9B284 /* SDImageCache.m */; };
		3F9E2D3F1C3367AD00C9B284 /* SDWebImageCompat.m in Sources */ = {isa = PBXBuildFile; fileRef = 3F9E2D231C3367AD00C9B284 /* SDWebImageCompat.m */; };
		3F9E2D401C3367AD00C9B284 /* SDWebImageDecoder.m in Sources */ = {isa = PBXBuildFile; fileRef = 3F9E2D251C3367AD00C9B284 /* SDWebImageDecoder.m */; };
		3F9E2D411C3367AD00C9B284 /* SDWebImageDownloader.m in Sources */ = {isa = PBXBuildFile; fileRef = 3F9E2D271C3367AD00C9B284 /* SDWebImageDownloader.m */; };
		3F9E2D421C3367AD00C9B284 /* SDWebImageDownloaderOperation.m in Sources */ = {isa = PBXBuildFile; fileRef = 3F9E2D291C3367AD00C9B284 /* SDWebImageDownloaderOperation.m */; };
		3F9E2D431C3367AD00C9B284 /* SDWebImageManager.m in Sources */ = {isa = PBXBuildFile; fileRef = 3F9E2D2B1C3367AD00C9B284 /* SDWebImageManager.m */; };
		3F9E2D441C3367AD00C9B284 /* SDWebImagePrefetcher.m in Sources */ = {isa = PBXBuildFile; fileRef = 3F9E2D2E1C3367AD00C9B284 /* SDWebImagePrefetcher.m */; };
		3F9E2D451C3367AD00C9B284 /* UIButton+WebCache.m in Sources */ = {isa = PBXBuildFile; fileRef = 3F9E2D301C3367AD00C9B284 /* UIButton+WebCache.m */; };
		3F9E2D461C3367AD00C9B284 /* UIImage+GIF.m in Sources */ = {isa = PBXBuildFile; fileRef = 3F9E2D321C3367AD00C9B284 /* UIImage+GIF.m */; };
		3F9E2D471C3367AD00C9B284 /* UIImage+MultiFormat.m in Sources */ = {isa = PBXBuildFile; fileRef = 3F9E2D341C3367AD00C9B284 /* UIImage+MultiFormat.m */; };
		3F9E2D481C3367AD00C9B284 /* UIImageView+HighlightedWebCache.m in Sources */ = {isa = PBXBuildFile; fileRef = 3F9E2D361C3367AD00C9B284 /* UIImageView+HighlightedWebCache.m */; };
		3F9E2D491C3367AD00C9B284 /* UIImageView+WebCache.m in Sources */ = {isa = PBXBuildFile; fileRef = 3F9E2D381C3367AD00C9B284 /* UIImageView+WebCache.m */; };
		3F9E2D4A1C3367AD00C9B284 /* UIView+WebCacheOperation.m in Sources */ = {isa = PBXBuildFile; fileRef = 3F9E2D3A1C3367AD00C9B284 /* UIView+WebCacheOperation.m */; };
		3FAB078E1C3BA384006AA293 /* IGTabbar.m in Sources */ = {isa = PBXBuildFile; fileRef = 3FAB078D1C3BA384006AA293 /* IGTabbar.m */; };
		3FAB07911C3BA39C006AA293 /* IGTabbarComponent.m in Sources */ = {isa = PBXBuildFile; fileRef = 3FAB07901C3BA39C006AA293 /* IGTabbarComponent.m */; };
		3FAB07941C3BBBA5006AA293 /* IGTabbarController.m in Sources */ = {isa = PBXBuildFile; fileRef = 3FAB07931C3BBBA5006AA293 /* IGTabbarController.m */; };
		3FF0EC101C33FD2E00C22B57 /* IGCarouselObject.m in Sources */ = {isa = PBXBuildFile; fileRef = 3FF0EC0F1C33FD2E00C22B57 /* IGCarouselObject.m */; };
		3FF0EC131C34004500C22B57 /* IGCarouselController.m in Sources */ = {isa = PBXBuildFile; fileRef = 3FF0EC121C34004500C22B57 /* IGCarouselController.m */; };
		3FF0EC2D1C3509A900C22B57 /* IGReloaderController.m in Sources */ = {isa = PBXBuildFile; fileRef = 3FF0EC2C1C3509A900C22B57 /* IGReloaderController.m */; };
		3FF0EC371C3515C100C22B57 /* IGReloaderTableViewController.m in Sources */ = {isa = PBXBuildFile; fileRef = 3FF0EC361C3515C100C22B57 /* IGReloaderTableViewController.m */; };
		85CA275F8956225705681D61 /* libPods.a in Frameworks */ = {isa = PBXBuildFile; fileRef = 35457D3233382F8AC72FB1CC /* libPods.a */; };
/* End PBXBuildFile section */

/* Begin PBXContainerItemProxy section */
		3F9E2CBA1C33631500C9B284 /* PBXContainerItemProxy */ = {
			isa = PBXContainerItemProxy;
			containerPortal = 3F9E2C981C33631500C9B284 /* Project object */;
			proxyType = 1;
			remoteGlobalIDString = 3F9E2C9F1C33631500C9B284;
			remoteInfo = IGCustom;
		};
		3F9E2CC51C33631500C9B284 /* PBXContainerItemProxy */ = {
			isa = PBXContainerItemProxy;
			containerPortal = 3F9E2C981C33631500C9B284 /* Project object */;
			proxyType = 1;
			remoteGlobalIDString = 3F9E2C9F1C33631500C9B284;
			remoteInfo = IGCustom;
		};
/* End PBXContainerItemProxy section */

/* Begin PBXFileReference section */
		35457D3233382F8AC72FB1CC /* libPods.a */ = {isa = PBXFileReference; explicitFileType = archive.ar; includeInIndex = 0; path = libPods.a; sourceTree = BUILT_PRODUCTS_DIR; };
		3F177EC61C510DC800698652 /* IGMasker.h */ = {isa = PBXFileReference; fileEncoding = 4; lastKnownFileType = sourcecode.c.h; path = IGMasker.h; sourceTree = "<group>"; };
		3F177EC71C510DC800698652 /* IGMasker.m */ = {isa = PBXFileReference; fileEncoding = 4; lastKnownFileType = sourcecode.c.objc; path = IGMasker.m; sourceTree = "<group>"; };
		3F177EC91C51230900698652 /* IGMaskerController.h */ = {isa = PBXFileReference; fileEncoding = 4; lastKnownFileType = sourcecode.c.h; path = IGMaskerController.h; sourceTree = "<group>"; };
		3F177ECA1C51230900698652 /* IGMaskerController.m */ = {isa = PBXFileReference; fileEncoding = 4; lastKnownFileType = sourcecode.c.objc; path = IGMaskerController.m; sourceTree = "<group>"; };
		3F177ED11C51E8AE00698652 /* IGDisplayer.h */ = {isa = PBXFileReference; fileEncoding = 4; lastKnownFileType = sourcecode.c.h; path = IGDisplayer.h; sourceTree = "<group>"; };
		3F177ED21C51E8AE00698652 /* IGDisplayer.m */ = {isa = PBXFileReference; fileEncoding = 4; lastKnownFileType = sourcecode.c.objc; path = IGDisplayer.m; sourceTree = "<group>"; };
		3F177ED41C53502900698652 /* IGDisplayerController.h */ = {isa = PBXFileReference; fileEncoding = 4; lastKnownFileType = sourcecode.c.h; path = IGDisplayerController.h; sourceTree = "<group>"; };
		3F177ED51C53502900698652 /* IGDisplayerController.m */ = {isa = PBXFileReference; fileEncoding = 4; lastKnownFileType = sourcecode.c.objc; path = IGDisplayerController.m; sourceTree = "<group>"; };
		3F177ED81C536E3D00698652 /* UIScrollView+IGFlush.h */ = {isa = PBXFileReference; fileEncoding = 4; lastKnownFileType = sourcecode.c.h; path = "UIScrollView+IGFlush.h"; sourceTree = "<group>"; };
		3F177ED91C536E3D00698652 /* UIScrollView+IGFlush.m */ = {isa = PBXFileReference; fileEncoding = 4; lastKnownFileType = sourcecode.c.objc; path = "UIScrollView+IGFlush.m"; sourceTree = "<group>"; };
		3F177EDB1C536E5200698652 /* IGFlushTop.h */ = {isa = PBXFileReference; fileEncoding = 4; lastKnownFileType = sourcecode.c.h; path = IGFlushTop.h; sourceTree = "<group>"; };
		3F177EDC1C536E5200698652 /* IGFlushTop.m */ = {isa = PBXFileReference; fileEncoding = 4; lastKnownFileType = sourcecode.c.objc; path = IGFlushTop.m; sourceTree = "<group>"; };
		3F177EDE1C536E5B00698652 /* IGFlushBottom.h */ = {isa = PBXFileReference; fileEncoding = 4; lastKnownFileType = sourcecode.c.h; path = IGFlushBottom.h; sourceTree = "<group>"; };
		3F177EDF1C536E5B00698652 /* IGFlushBottom.m */ = {isa = PBXFileReference; fileEncoding = 4; lastKnownFileType = sourcecode.c.objc; path = IGFlushBottom.m; sourceTree = "<group>"; };
		3F177EE11C536E6F00698652 /* IGFlushConfig.h */ = {isa = PBXFileReference; lastKnownFileType = sourcecode.c.h; path = IGFlushConfig.h; sourceTree = "<group>"; };
		3F179A4F1C33FCFA0036A8CE /* IGCarousel.h */ = {isa = PBXFileReference; fileEncoding = 4; lastKnownFileType = sourcecode.c.h; path = IGCarousel.h; sourceTree = "<group>"; };
		3F179A501C33FCFA0036A8CE /* IGCarousel.m */ = {isa = PBXFileReference; fileEncoding = 4; lastKnownFileType = sourcecode.c.objc; path = IGCarousel.m; sourceTree = "<group>"; };
		3F3D45311C3B948700C6D9B3 /* NSObject+IGKit.h */ = {isa = PBXFileReference; fileEncoding = 4; lastKnownFileType = sourcecode.c.h; path = "NSObject+IGKit.h"; sourceTree = "<group>"; };
		3F3D45321C3B948700C6D9B3 /* NSObject+IGKit.m */ = {isa = PBXFileReference; fileEncoding = 4; lastKnownFileType = sourcecode.c.objc; path = "NSObject+IGKit.m"; sourceTree = "<group>"; };
		3F3D45331C3B948700C6D9B3 /* NSObject+System.h */ = {isa = PBXFileReference; fileEncoding = 4; lastKnownFileType = sourcecode.c.h; path = "NSObject+System.h"; sourceTree = "<group>"; };
		3F3D45341C3B948700C6D9B3 /* NSObject+System.m */ = {isa = PBXFileReference; fileEncoding = 4; lastKnownFileType = sourcecode.c.objc; path = "NSObject+System.m"; sourceTree = "<group>"; };
		3F3D45351C3B948700C6D9B3 /* NSString+IGKit.h */ = {isa = PBXFileReference; fileEncoding = 4; lastKnownFileType = sourcecode.c.h; path = "NSString+IGKit.h"; sourceTree = "<group>"; };
		3F3D45361C3B948700C6D9B3 /* NSString+IGKit.m */ = {isa = PBXFileReference; fileEncoding = 4; lastKnownFileType = sourcecode.c.objc; path = "NSString+IGKit.m"; sourceTree = "<group>"; };
		3F3D45371C3B948700C6D9B3 /* IGCategory.h */ = {isa = PBXFileReference; fileEncoding = 4; lastKnownFileType = sourcecode.c.h; path = IGCategory.h; sourceTree = "<group>"; };
		3F3D45391C3B948700C6D9B3 /* CALayer+IGKit.h */ = {isa = PBXFileReference; fileEncoding = 4; lastKnownFileType = sourcecode.c.h; path = "CALayer+IGKit.h"; sourceTree = "<group>"; };
		3F3D453A1C3B948700C6D9B3 /* CALayer+IGKit.m */ = {isa = PBXFileReference; fileEncoding = 4; lastKnownFileType = sourcecode.c.objc; path = "CALayer+IGKit.m"; sourceTree = "<group>"; };
		3F3D453B1C3B948700C6D9B3 /* UIButton+IGKit.h */ = {isa = PBXFileReference; fileEncoding = 4; lastKnownFileType = sourcecode.c.h; path = "UIButton+IGKit.h"; sourceTree = "<group>"; };
		3F3D453C1C3B948700C6D9B3 /* UIButton+IGKit.m */ = {isa = PBXFileReference; fileEncoding = 4; lastKnownFileType = sourcecode.c.objc; path = "UIButton+IGKit.m"; sourceTree = "<group>"; };
		3F3D453D1C3B948700C6D9B3 /* UIColor+IGKit.h */ = {isa = PBXFileReference; fileEncoding = 4; lastKnownFileType = sourcecode.c.h; path = "UIColor+IGKit.h"; sourceTree = "<group>"; };
		3F3D453E1C3B948700C6D9B3 /* UIColor+IGKit.m */ = {isa = PBXFileReference; fileEncoding = 4; lastKnownFileType = sourcecode.c.objc; path = "UIColor+IGKit.m"; sourceTree = "<group>"; };
		3F3D453F1C3B948700C6D9B3 /* UIImage+IGKit.h */ = {isa = PBXFileReference; fileEncoding = 4; lastKnownFileType = sourcecode.c.h; path = "UIImage+IGKit.h"; sourceTree = "<group>"; };
		3F3D45401C3B948700C6D9B3 /* UIImage+IGKit.m */ = {isa = PBXFileReference; fileEncoding = 4; lastKnownFileType = sourcecode.c.objc; path = "UIImage+IGKit.m"; sourceTree = "<group>"; };
		3F3D45411C3B948700C6D9B3 /* UIImageView+IGKit.h */ = {isa = PBXFileReference; fileEncoding = 4; lastKnownFileType = sourcecode.c.h; path = "UIImageView+IGKit.h"; sourceTree = "<group>"; };
		3F3D45421C3B948700C6D9B3 /* UIImageView+IGKit.m */ = {isa = PBXFileReference; fileEncoding = 4; lastKnownFileType = sourcecode.c.objc; path = "UIImageView+IGKit.m"; sourceTree = "<group>"; };
		3F3D45431C3B948700C6D9B3 /* UILabel+IGKit.h */ = {isa = PBXFileReference; fileEncoding = 4; lastKnownFileType = sourcecode.c.h; path = "UILabel+IGKit.h"; sourceTree = "<group>"; };
		3F3D45441C3B948700C6D9B3 /* UILabel+IGKit.m */ = {isa = PBXFileReference; fileEncoding = 4; lastKnownFileType = sourcecode.c.objc; path = "UILabel+IGKit.m"; sourceTree = "<group>"; };
		3F3D45451C3B948700C6D9B3 /* UIView+IGKit.h */ = {isa = PBXFileReference; fileEncoding = 4; lastKnownFileType = sourcecode.c.h; path = "UIView+IGKit.h"; sourceTree = "<group>"; };
		3F3D45461C3B948700C6D9B3 /* UIView+IGKit.m */ = {isa = PBXFileReference; fileEncoding = 4; lastKnownFileType = sourcecode.c.objc; path = "UIView+IGKit.m"; sourceTree = "<group>"; };
		3F3D455B1C3B996600C6D9B3 /* IGPhotoScannerController.h */ = {isa = PBXFileReference; fileEncoding = 4; lastKnownFileType = sourcecode.c.h; path = IGPhotoScannerController.h; sourceTree = "<group>"; };
		3F3D455C1C3B996600C6D9B3 /* IGPhotoScannerController.m */ = {isa = PBXFileReference; fileEncoding = 4; lastKnownFileType = sourcecode.c.objc; path = IGPhotoScannerController.m; sourceTree = "<group>"; };
		3F3D455E1C3B99BB00C6D9B3 /* wow.jpg */ = {isa = PBXFileReference; lastKnownFileType = image.jpeg; path = wow.jpg; sourceTree = "<group>"; };
		3F6E92721C55248A00E8A050 /* arrow_top.png */ = {isa = PBXFileReference; lastKnownFileType = image.png; path = arrow_top.png; sourceTree = "<group>"; };
		3F736B6A1C3A685900DB861F /* IGCustomUIController.xib */ = {isa = PBXFileReference; fileEncoding = 4; lastKnownFileType = file.xib; path = IGCustomUIController.xib; sourceTree = "<group>"; };
		3F9E2CA01C33631500C9B284 /* IGCustom.app */ = {isa = PBXFileReference; explicitFileType = wrapper.application; includeInIndex = 0; path = IGCustom.app; sourceTree = BUILT_PRODUCTS_DIR; };
		3F9E2CA41C33631500C9B284 /* main.m */ = {isa = PBXFileReference; lastKnownFileType = sourcecode.c.objc; path = main.m; sourceTree = "<group>"; };
		3F9E2CA61C33631500C9B284 /* AppDelegate.h */ = {isa = PBXFileReference; lastKnownFileType = sourcecode.c.h; path = AppDelegate.h; sourceTree = "<group>"; };
		3F9E2CA71C33631500C9B284 /* AppDelegate.m */ = {isa = PBXFileReference; lastKnownFileType = sourcecode.c.objc; path = AppDelegate.m; sourceTree = "<group>"; };
		3F9E2CA91C33631500C9B284 /* ViewController.h */ = {isa = PBXFileReference; lastKnownFileType = sourcecode.c.h; path = ViewController.h; sourceTree = "<group>"; };
		3F9E2CAA1C33631500C9B284 /* ViewController.m */ = {isa = PBXFileReference; lastKnownFileType = sourcecode.c.objc; path = ViewController.m; sourceTree = "<group>"; };
		3F9E2CAD1C33631500C9B284 /* Base */ = {isa = PBXFileReference; lastKnownFileType = file.storyboard; name = Base; path = Base.lproj/Main.storyboard; sourceTree = "<group>"; };
		3F9E2CAF1C33631500C9B284 /* Assets.xcassets */ = {isa = PBXFileReference; lastKnownFileType = folder.assetcatalog; path = Assets.xcassets; sourceTree = "<group>"; };
		3F9E2CB21C33631500C9B284 /* Base */ = {isa = PBXFileReference; lastKnownFileType = file.storyboard; name = Base; path = Base.lproj/LaunchScreen.storyboard; sourceTree = "<group>"; };
		3F9E2CB41C33631500C9B284 /* Info.plist */ = {isa = PBXFileReference; lastKnownFileType = text.plist.xml; path = Info.plist; sourceTree = "<group>"; };
		3F9E2CB91C33631500C9B284 /* IGCustomTests.xctest */ = {isa = PBXFileReference; explicitFileType = wrapper.cfbundle; includeInIndex = 0; path = IGCustomTests.xctest; sourceTree = BUILT_PRODUCTS_DIR; };
		3F9E2CBD1C33631500C9B284 /* IGCustomTests.m */ = {isa = PBXFileReference; lastKnownFileType = sourcecode.c.objc; path = IGCustomTests.m; sourceTree = "<group>"; };
		3F9E2CBF1C33631500C9B284 /* Info.plist */ = {isa = PBXFileReference; lastKnownFileType = text.plist.xml; path = Info.plist; sourceTree = "<group>"; };
		3F9E2CC41C33631500C9B284 /* IGCustomUITests.xctest */ = {isa = PBXFileReference; explicitFileType = wrapper.cfbundle; includeInIndex = 0; path = IGCustomUITests.xctest; sourceTree = BUILT_PRODUCTS_DIR; };
		3F9E2CC81C33631500C9B284 /* IGCustomUITests.m */ = {isa = PBXFileReference; lastKnownFileType = sourcecode.c.objc; path = IGCustomUITests.m; sourceTree = "<group>"; };
		3F9E2CCA1C33631500C9B284 /* Info.plist */ = {isa = PBXFileReference; lastKnownFileType = text.plist.xml; path = Info.plist; sourceTree = "<group>"; };
		3F9E2CF61C33663900C9B284 /* IGPhotoObject.h */ = {isa = PBXFileReference; fileEncoding = 4; lastKnownFileType = sourcecode.c.h; path = IGPhotoObject.h; sourceTree = "<group>"; };
		3F9E2CF71C33663900C9B284 /* IGPhotoObject.m */ = {isa = PBXFileReference; fileEncoding = 4; lastKnownFileType = sourcecode.c.objc; path = IGPhotoObject.m; sourceTree = "<group>"; };
		3F9E2CF81C33663900C9B284 /* IGPhotoScanner.h */ = {isa = PBXFileReference; fileEncoding = 4; lastKnownFileType = sourcecode.c.h; path = IGPhotoScanner.h; sourceTree = "<group>"; };
		3F9E2CF91C33663900C9B284 /* IGPhotoScanner.m */ = {isa = PBXFileReference; fileEncoding = 4; lastKnownFileType = sourcecode.c.objc; path = IGPhotoScanner.m; sourceTree = "<group>"; };
		3F9E2CFA1C33663900C9B284 /* IGPhotoToolbar.h */ = {isa = PBXFileReference; fileEncoding = 4; lastKnownFileType = sourcecode.c.h; path = IGPhotoToolbar.h; sourceTree = "<group>"; };
		3F9E2CFB1C33663900C9B284 /* IGPhotoToolbar.m */ = {isa = PBXFileReference; fileEncoding = 4; lastKnownFileType = sourcecode.c.objc; path = IGPhotoToolbar.m; sourceTree = "<group>"; };
		3F9E2CFC1C33663900C9B284 /* IGPhotoViewCell.h */ = {isa = PBXFileReference; fileEncoding = 4; lastKnownFileType = sourcecode.c.h; path = IGPhotoViewCell.h; sourceTree = "<group>"; };
		3F9E2CFD1C33663900C9B284 /* IGPhotoViewCell.m */ = {isa = PBXFileReference; fileEncoding = 4; lastKnownFileType = sourcecode.c.objc; path = IGPhotoViewCell.m; sourceTree = "<group>"; };
		3F9E2D141C33665200C9B284 /* IGHeader.pch */ = {isa = PBXFileReference; lastKnownFileType = sourcecode.c.h; path = IGHeader.pch; sourceTree = "<group>"; };
		3F9E2D161C33675B00C9B284 /* IGBaseTableView.h */ = {isa = PBXFileReference; fileEncoding = 4; lastKnownFileType = sourcecode.c.h; path = IGBaseTableView.h; sourceTree = "<group>"; };
		3F9E2D171C33675B00C9B284 /* IGBaseTableView.m */ = {isa = PBXFileReference; fileEncoding = 4; lastKnownFileType = sourcecode.c.objc; path = IGBaseTableView.m; sourceTree = "<group>"; };
		3F9E2D1B1C3367AD00C9B284 /* LICENSE */ = {isa = PBXFileReference; fileEncoding = 4; lastKnownFileType = text; path = LICENSE; sourceTree = "<group>"; };
		3F9E2D1C1C3367AD00C9B284 /* README.md */ = {isa = PBXFileReference; fileEncoding = 4; lastKnownFileType = net.daringfireball.markdown; path = README.md; sourceTree = "<group>"; };
		3F9E2D1E1C3367AD00C9B284 /* NSData+ImageContentType.h */ = {isa = PBXFileReference; fileEncoding = 4; lastKnownFileType = sourcecode.c.h; path = "NSData+ImageContentType.h"; sourceTree = "<group>"; };
		3F9E2D1F1C3367AD00C9B284 /* NSData+ImageContentType.m */ = {isa = PBXFileReference; fileEncoding = 4; lastKnownFileType = sourcecode.c.objc; path = "NSData+ImageContentType.m"; sourceTree = "<group>"; };
		3F9E2D201C3367AD00C9B284 /* SDImageCache.h */ = {isa = PBXFileReference; fileEncoding = 4; lastKnownFileType = sourcecode.c.h; path = SDImageCache.h; sourceTree = "<group>"; };
		3F9E2D211C3367AD00C9B284 /* SDImageCache.m */ = {isa = PBXFileReference; fileEncoding = 4; lastKnownFileType = sourcecode.c.objc; path = SDImageCache.m; sourceTree = "<group>"; };
		3F9E2D221C3367AD00C9B284 /* SDWebImageCompat.h */ = {isa = PBXFileReference; fileEncoding = 4; lastKnownFileType = sourcecode.c.h; path = SDWebImageCompat.h; sourceTree = "<group>"; };
		3F9E2D231C3367AD00C9B284 /* SDWebImageCompat.m */ = {isa = PBXFileReference; fileEncoding = 4; lastKnownFileType = sourcecode.c.objc; path = SDWebImageCompat.m; sourceTree = "<group>"; };
		3F9E2D241C3367AD00C9B284 /* SDWebImageDecoder.h */ = {isa = PBXFileReference; fileEncoding = 4; lastKnownFileType = sourcecode.c.h; path = SDWebImageDecoder.h; sourceTree = "<group>"; };
		3F9E2D251C3367AD00C9B284 /* SDWebImageDecoder.m */ = {isa = PBXFileReference; fileEncoding = 4; lastKnownFileType = sourcecode.c.objc; path = SDWebImageDecoder.m; sourceTree = "<group>"; };
		3F9E2D261C3367AD00C9B284 /* SDWebImageDownloader.h */ = {isa = PBXFileReference; fileEncoding = 4; lastKnownFileType = sourcecode.c.h; path = SDWebImageDownloader.h; sourceTree = "<group>"; };
		3F9E2D271C3367AD00C9B284 /* SDWebImageDownloader.m */ = {isa = PBXFileReference; fileEncoding = 4; lastKnownFileType = sourcecode.c.objc; path = SDWebImageDownloader.m; sourceTree = "<group>"; };
		3F9E2D281C3367AD00C9B284 /* SDWebImageDownloaderOperation.h */ = {isa = PBXFileReference; fileEncoding = 4; lastKnownFileType = sourcecode.c.h; path = SDWebImageDownloaderOperation.h; sourceTree = "<group>"; };
		3F9E2D291C3367AD00C9B284 /* SDWebImageDownloaderOperation.m */ = {isa = PBXFileReference; fileEncoding = 4; lastKnownFileType = sourcecode.c.objc; path = SDWebImageDownloaderOperation.m; sourceTree = "<group>"; };
		3F9E2D2A1C3367AD00C9B284 /* SDWebImageManager.h */ = {isa = PBXFileReference; fileEncoding = 4; lastKnownFileType = sourcecode.c.h; path = SDWebImageManager.h; sourceTree = "<group>"; };
		3F9E2D2B1C3367AD00C9B284 /* SDWebImageManager.m */ = {isa = PBXFileReference; fileEncoding = 4; lastKnownFileType = sourcecode.c.objc; path = SDWebImageManager.m; sourceTree = "<group>"; };
		3F9E2D2C1C3367AD00C9B284 /* SDWebImageOperation.h */ = {isa = PBXFileReference; fileEncoding = 4; lastKnownFileType = sourcecode.c.h; path = SDWebImageOperation.h; sourceTree = "<group>"; };
		3F9E2D2D1C3367AD00C9B284 /* SDWebImagePrefetcher.h */ = {isa = PBXFileReference; fileEncoding = 4; lastKnownFileType = sourcecode.c.h; path = SDWebImagePrefetcher.h; sourceTree = "<group>"; };
		3F9E2D2E1C3367AD00C9B284 /* SDWebImagePrefetcher.m */ = {isa = PBXFileReference; fileEncoding = 4; lastKnownFileType = sourcecode.c.objc; path = SDWebImagePrefetcher.m; sourceTree = "<group>"; };
		3F9E2D2F1C3367AD00C9B284 /* UIButton+WebCache.h */ = {isa = PBXFileReference; fileEncoding = 4; lastKnownFileType = sourcecode.c.h; path = "UIButton+WebCache.h"; sourceTree = "<group>"; };
		3F9E2D301C3367AD00C9B284 /* UIButton+WebCache.m */ = {isa = PBXFileReference; fileEncoding = 4; lastKnownFileType = sourcecode.c.objc; path = "UIButton+WebCache.m"; sourceTree = "<group>"; };
		3F9E2D311C3367AD00C9B284 /* UIImage+GIF.h */ = {isa = PBXFileReference; fileEncoding = 4; lastKnownFileType = sourcecode.c.h; path = "UIImage+GIF.h"; sourceTree = "<group>"; };
		3F9E2D321C3367AD00C9B284 /* UIImage+GIF.m */ = {isa = PBXFileReference; fileEncoding = 4; lastKnownFileType = sourcecode.c.objc; path = "UIImage+GIF.m"; sourceTree = "<group>"; };
		3F9E2D331C3367AD00C9B284 /* UIImage+MultiFormat.h */ = {isa = PBXFileReference; fileEncoding = 4; lastKnownFileType = sourcecode.c.h; path = "UIImage+MultiFormat.h"; sourceTree = "<group>"; };
		3F9E2D341C3367AD00C9B284 /* UIImage+MultiFormat.m */ = {isa = PBXFileReference; fileEncoding = 4; lastKnownFileType = sourcecode.c.objc; path = "UIImage+MultiFormat.m"; sourceTree = "<group>"; };
		3F9E2D351C3367AD00C9B284 /* UIImageView+HighlightedWebCache.h */ = {isa = PBXFileReference; fileEncoding = 4; lastKnownFileType = sourcecode.c.h; path = "UIImageView+HighlightedWebCache.h"; sourceTree = "<group>"; };
		3F9E2D361C3367AD00C9B284 /* UIImageView+HighlightedWebCache.m */ = {isa = PBXFileReference; fileEncoding = 4; lastKnownFileType = sourcecode.c.objc; path = "UIImageView+HighlightedWebCache.m"; sourceTree = "<group>"; };
		3F9E2D371C3367AD00C9B284 /* UIImageView+WebCache.h */ = {isa = PBXFileReference; fileEncoding = 4; lastKnownFileType = sourcecode.c.h; path = "UIImageView+WebCache.h"; sourceTree = "<group>"; };
		3F9E2D381C3367AD00C9B284 /* UIImageView+WebCache.m */ = {isa = PBXFileReference; fileEncoding = 4; lastKnownFileType = sourcecode.c.objc; path = "UIImageView+WebCache.m"; sourceTree = "<group>"; };
		3F9E2D391C3367AD00C9B284 /* UIView+WebCacheOperation.h */ = {isa = PBXFileReference; fileEncoding = 4; lastKnownFileType = sourcecode.c.h; path = "UIView+WebCacheOperation.h"; sourceTree = "<group>"; };
		3F9E2D3A1C3367AD00C9B284 /* UIView+WebCacheOperation.m */ = {isa = PBXFileReference; fileEncoding = 4; lastKnownFileType = sourcecode.c.objc; path = "UIView+WebCacheOperation.m"; sourceTree = "<group>"; };
		3FAB078C1C3BA384006AA293 /* IGTabbar.h */ = {isa = PBXFileReference; fileEncoding = 4; lastKnownFileType = sourcecode.c.h; path = IGTabbar.h; sourceTree = "<group>"; };
		3FAB078D1C3BA384006AA293 /* IGTabbar.m */ = {isa = PBXFileReference; fileEncoding = 4; lastKnownFileType = sourcecode.c.objc; path = IGTabbar.m; sourceTree = "<group>"; };
		3FAB078F1C3BA39C006AA293 /* IGTabbarComponent.h */ = {isa = PBXFileReference; fileEncoding = 4; lastKnownFileType = sourcecode.c.h; path = IGTabbarComponent.h; sourceTree = "<group>"; };
		3FAB07901C3BA39C006AA293 /* IGTabbarComponent.m */ = {isa = PBXFileReference; fileEncoding = 4; lastKnownFileType = sourcecode.c.objc; path = IGTabbarComponent.m; sourceTree = "<group>"; };
		3FAB07921C3BBBA5006AA293 /* IGTabbarController.h */ = {isa = PBXFileReference; fileEncoding = 4; lastKnownFileType = sourcecode.c.h; path = IGTabbarController.h; sourceTree = "<group>"; };
		3FAB07931C3BBBA5006AA293 /* IGTabbarController.m */ = {isa = PBXFileReference; fileEncoding = 4; lastKnownFileType = sourcecode.c.objc; path = IGTabbarController.m; sourceTree = "<group>"; };
		3FF0EC0E1C33FD2E00C22B57 /* IGCarouselObject.h */ = {isa = PBXFileReference; fileEncoding = 4; lastKnownFileType = sourcecode.c.h; path = IGCarouselObject.h; sourceTree = "<group>"; };
		3FF0EC0F1C33FD2E00C22B57 /* IGCarouselObject.m */ = {isa = PBXFileReference; fileEncoding = 4; lastKnownFileType = sourcecode.c.objc; path = IGCarouselObject.m; sourceTree = "<group>"; };
		3FF0EC111C34004500C22B57 /* IGCarouselController.h */ = {isa = PBXFileReference; fileEncoding = 4; lastKnownFileType = sourcecode.c.h; path = IGCarouselController.h; sourceTree = "<group>"; };
		3FF0EC121C34004500C22B57 /* IGCarouselController.m */ = {isa = PBXFileReference; fileEncoding = 4; lastKnownFileType = sourcecode.c.objc; path = IGCarouselController.m; sourceTree = "<group>"; };
		3FF0EC2B1C3509A900C22B57 /* IGReloaderController.h */ = {isa = PBXFileReference; fileEncoding = 4; lastKnownFileType = sourcecode.c.h; path = IGReloaderController.h; sourceTree = "<group>"; };
		3FF0EC2C1C3509A900C22B57 /* IGReloaderController.m */ = {isa = PBXFileReference; fileEncoding = 4; lastKnownFileType = sourcecode.c.objc; path = IGReloaderController.m; sourceTree = "<group>"; };
		3FF0EC351C3515C100C22B57 /* IGReloaderTableViewController.h */ = {isa = PBXFileReference; fileEncoding = 4; lastKnownFileType = sourcecode.c.h; path = IGReloaderTableViewController.h; sourceTree = "<group>"; };
		3FF0EC361C3515C100C22B57 /* IGReloaderTableViewController.m */ = {isa = PBXFileReference; fileEncoding = 4; lastKnownFileType = sourcecode.c.objc; path = IGReloaderTableViewController.m; sourceTree = "<group>"; };
		969A16D9872AE1215EEE8946 /* Pods.debug.xcconfig */ = {isa = PBXFileReference; includeInIndex = 1; lastKnownFileType = text.xcconfig; name = Pods.debug.xcconfig; path = "Pods/Target Support Files/Pods/Pods.debug.xcconfig"; sourceTree = "<group>"; };
		EC6F3D6F0D7541CC35E5CD6C /* Pods.release.xcconfig */ = {isa = PBXFileReference; includeInIndex = 1; lastKnownFileType = text.xcconfig; name = Pods.release.xcconfig; path = "Pods/Target Support Files/Pods/Pods.release.xcconfig"; sourceTree = "<group>"; };
/* End PBXFileReference section */

/* Begin PBXFrameworksBuildPhase section */
		3F9E2C9D1C33631500C9B284 /* Frameworks */ = {
			isa = PBXFrameworksBuildPhase;
			buildActionMask = 2147483647;
			files = (
				85CA275F8956225705681D61 /* libPods.a in Frameworks */,
			);
			runOnlyForDeploymentPostprocessing = 0;
		};
		3F9E2CB61C33631500C9B284 /* Frameworks */ = {
			isa = PBXFrameworksBuildPhase;
			buildActionMask = 2147483647;
			files = (
			);
			runOnlyForDeploymentPostprocessing = 0;
		};
		3F9E2CC11C33631500C9B284 /* Frameworks */ = {
			isa = PBXFrameworksBuildPhase;
			buildActionMask = 2147483647;
			files = (
			);
			runOnlyForDeploymentPostprocessing = 0;
		};
/* End PBXFrameworksBuildPhase section */

/* Begin PBXGroup section */
		3F177EC51C510DB900698652 /* IGMasker */ = {
			isa = PBXGroup;
			children = (
				3F177EC61C510DC800698652 /* IGMasker.h */,
				3F177EC71C510DC800698652 /* IGMasker.m */,
			);
			path = IGMasker;
			sourceTree = "<group>";
		};
		3F177ED01C51E8A100698652 /* IGDisplayer */ = {
			isa = PBXGroup;
			children = (
				3F177ED11C51E8AE00698652 /* IGDisplayer.h */,
				3F177ED21C51E8AE00698652 /* IGDisplayer.m */,
			);
			path = IGDisplayer;
			sourceTree = "<group>";
		};
		3F177ED71C536E2B00698652 /* IGFlush */ = {
			isa = PBXGroup;
			children = (
				3F6E92721C55248A00E8A050 /* arrow_top.png */,
				3F177EE11C536E6F00698652 /* IGFlushConfig.h */,
				3F177ED81C536E3D00698652 /* UIScrollView+IGFlush.h */,
				3F177ED91C536E3D00698652 /* UIScrollView+IGFlush.m */,
				3F177EDB1C536E5200698652 /* IGFlushTop.h */,
				3F177EDC1C536E5200698652 /* IGFlushTop.m */,
				3F177EDE1C536E5B00698652 /* IGFlushBottom.h */,
				3F177EDF1C536E5B00698652 /* IGFlushBottom.m */,
			);
			path = IGFlush;
			sourceTree = "<group>";
		};
		3F179A4E1C33FCEE0036A8CE /* IGCarousel */ = {
			isa = PBXGroup;
			children = (
				3F179A4F1C33FCFA0036A8CE /* IGCarousel.h */,
				3F179A501C33FCFA0036A8CE /* IGCarousel.m */,
				3FF0EC0E1C33FD2E00C22B57 /* IGCarouselObject.h */,
				3FF0EC0F1C33FD2E00C22B57 /* IGCarouselObject.m */,
			);
			path = IGCarousel;
			sourceTree = "<group>";
		};
		3F3D452F1C3B948700C6D9B3 /* IGCategory */ = {
			isa = PBXGroup;
			children = (
				3F3D45301C3B948700C6D9B3 /* Foundation */,
				3F3D45371C3B948700C6D9B3 /* IGCategory.h */,
				3F3D45381C3B948700C6D9B3 /* UIKit */,
			);
			path = IGCategory;
			sourceTree = "<group>";
		};
		3F3D45301C3B948700C6D9B3 /* Foundation */ = {
			isa = PBXGroup;
			children = (
				3F3D45311C3B948700C6D9B3 /* NSObject+IGKit.h */,
				3F3D45321C3B948700C6D9B3 /* NSObject+IGKit.m */,
				3F3D45331C3B948700C6D9B3 /* NSObject+System.h */,
				3F3D45341C3B948700C6D9B3 /* NSObject+System.m */,
				3F3D45351C3B948700C6D9B3 /* NSString+IGKit.h */,
				3F3D45361C3B948700C6D9B3 /* NSString+IGKit.m */,
			);
			path = Foundation;
			sourceTree = "<group>";
		};
		3F3D45381C3B948700C6D9B3 /* UIKit */ = {
			isa = PBXGroup;
			children = (
				3F3D453F1C3B948700C6D9B3 /* UIImage+IGKit.h */,
				3F3D45401C3B948700C6D9B3 /* UIImage+IGKit.m */,
				3F3D45391C3B948700C6D9B3 /* CALayer+IGKit.h */,
				3F3D453A1C3B948700C6D9B3 /* CALayer+IGKit.m */,
				3F3D453B1C3B948700C6D9B3 /* UIButton+IGKit.h */,
				3F3D453C1C3B948700C6D9B3 /* UIButton+IGKit.m */,
				3F3D453D1C3B948700C6D9B3 /* UIColor+IGKit.h */,
				3F3D453E1C3B948700C6D9B3 /* UIColor+IGKit.m */,
				3F3D45411C3B948700C6D9B3 /* UIImageView+IGKit.h */,
				3F3D45421C3B948700C6D9B3 /* UIImageView+IGKit.m */,
				3F3D45431C3B948700C6D9B3 /* UILabel+IGKit.h */,
				3F3D45441C3B948700C6D9B3 /* UILabel+IGKit.m */,
				3F3D45451C3B948700C6D9B3 /* UIView+IGKit.h */,
				3F3D45461C3B948700C6D9B3 /* UIView+IGKit.m */,
			);
			path = UIKit;
			sourceTree = "<group>";
		};
		3F9E2C971C33631500C9B284 = {
			isa = PBXGroup;
			children = (
				3F9E2CA21C33631500C9B284 /* IGCustom */,
				3F9E2CBC1C33631500C9B284 /* IGCustomTests */,
				3F9E2CC71C33631500C9B284 /* IGCustomUITests */,
				3F9E2CA11C33631500C9B284 /* Products */,
				CB51983C9C4650AA1C00764A /* Pods */,
				BF43E2A98738DFA9A6FA749D /* Frameworks */,
			);
			sourceTree = "<group>";
		};
		3F9E2CA11C33631500C9B284 /* Products */ = {
			isa = PBXGroup;
			children = (
				3F9E2CA01C33631500C9B284 /* IGCustom.app */,
				3F9E2CB91C33631500C9B284 /* IGCustomTests.xctest */,
				3F9E2CC41C33631500C9B284 /* IGCustomUITests.xctest */,
			);
			name = Products;
			sourceTree = "<group>";
		};
		3F9E2CA21C33631500C9B284 /* IGCustom */ = {
			isa = PBXGroup;
			children = (
				3F9E2D141C33665200C9B284 /* IGHeader.pch */,
				3F9E2CA61C33631500C9B284 /* AppDelegate.h */,
				3F9E2CA71C33631500C9B284 /* AppDelegate.m */,
				3F9E2CA91C33631500C9B284 /* ViewController.h */,
				3F9E2CAA1C33631500C9B284 /* ViewController.m */,
				3FCAF8CA1C336E5400FFB0D2 /* Controller */,
				3F9E2CE51C33663900C9B284 /* Class */,
				3F9E2CA31C33631500C9B284 /* Supporting Files */,
			);
			path = IGCustom;
			sourceTree = "<group>";
		};
		3F9E2CA31C33631500C9B284 /* Supporting Files */ = {
			isa = PBXGroup;
			children = (
				3F9E2CAC1C33631500C9B284 /* Main.storyboard */,
				3F9E2CAF1C33631500C9B284 /* Assets.xcassets */,
				3F9E2CB11C33631500C9B284 /* LaunchScreen.storyboard */,
				3F9E2CB41C33631500C9B284 /* Info.plist */,
				3F9E2CA41C33631500C9B284 /* main.m */,
			);
			name = "Supporting Files";
			sourceTree = "<group>";
		};
		3F9E2CBC1C33631500C9B284 /* IGCustomTests */ = {
			isa = PBXGroup;
			children = (
				3F9E2CBD1C33631500C9B284 /* IGCustomTests.m */,
				3F9E2CBF1C33631500C9B284 /* Info.plist */,
			);
			path = IGCustomTests;
			sourceTree = "<group>";
		};
		3F9E2CC71C33631500C9B284 /* IGCustomUITests */ = {
			isa = PBXGroup;
			children = (
				3F9E2CC81C33631500C9B284 /* IGCustomUITests.m */,
				3F9E2CCA1C33631500C9B284 /* Info.plist */,
			);
			path = IGCustomUITests;
			sourceTree = "<group>";
		};
		3F9E2CE51C33663900C9B284 /* Class */ = {
			isa = PBXGroup;
			children = (
				3F177ED71C536E2B00698652 /* IGFlush */,
				3F177ED01C51E8A100698652 /* IGDisplayer */,
				3F177EC51C510DB900698652 /* IGMasker */,
				3FAB07881C3BA36B006AA293 /* IGTabbar */,
				3F3D452F1C3B948700C6D9B3 /* IGCategory */,
				3F179A4E1C33FCEE0036A8CE /* IGCarousel */,
				3F9E2D191C33679500C9B284 /* Vender */,
				3F9E2D151C33675400C9B284 /* IGCustomUI */,
				3F9E2CF51C33663900C9B284 /* IGPhotoScanner */,
			);
			path = Class;
			sourceTree = "<group>";
		};
		3F9E2CF51C33663900C9B284 /* IGPhotoScanner */ = {
			isa = PBXGroup;
			children = (
				3F9E2CF81C33663900C9B284 /* IGPhotoScanner.h */,
				3F9E2CF91C33663900C9B284 /* IGPhotoScanner.m */,
				3F9E2CF61C33663900C9B284 /* IGPhotoObject.h */,
				3F9E2CF71C33663900C9B284 /* IGPhotoObject.m */,
				3F9E2CFA1C33663900C9B284 /* IGPhotoToolbar.h */,
				3F9E2CFB1C33663900C9B284 /* IGPhotoToolbar.m */,
				3F9E2CFC1C33663900C9B284 /* IGPhotoViewCell.h */,
				3F9E2CFD1C33663900C9B284 /* IGPhotoViewCell.m */,
			);
			path = IGPhotoScanner;
			sourceTree = "<group>";
		};
		3F9E2D151C33675400C9B284 /* IGCustomUI */ = {
			isa = PBXGroup;
			children = (
				3F9E2D161C33675B00C9B284 /* IGBaseTableView.h */,
				3F9E2D171C33675B00C9B284 /* IGBaseTableView.m */,
			);
			path = IGCustomUI;
			sourceTree = "<group>";
		};
		3F9E2D191C33679500C9B284 /* Vender */ = {
			isa = PBXGroup;
			children = (
				3F9E2D1A1C3367AD00C9B284 /* SDWebImage */,
			);
			path = Vender;
			sourceTree = "<group>";
		};
		3F9E2D1A1C3367AD00C9B284 /* SDWebImage */ = {
			isa = PBXGroup;
			children = (
				3F9E2D1B1C3367AD00C9B284 /* LICENSE */,
				3F9E2D1C1C3367AD00C9B284 /* README.md */,
				3F9E2D1D1C3367AD00C9B284 /* SDWebImage */,
			);
			path = SDWebImage;
			sourceTree = "<group>";
		};
		3F9E2D1D1C3367AD00C9B284 /* SDWebImage */ = {
			isa = PBXGroup;
			children = (
				3F9E2D1E1C3367AD00C9B284 /* NSData+ImageContentType.h */,
				3F9E2D1F1C3367AD00C9B284 /* NSData+ImageContentType.m */,
				3F9E2D201C3367AD00C9B284 /* SDImageCache.h */,
				3F9E2D211C3367AD00C9B284 /* SDImageCache.m */,
				3F9E2D221C3367AD00C9B284 /* SDWebImageCompat.h */,
				3F9E2D231C3367AD00C9B284 /* SDWebImageCompat.m */,
				3F9E2D241C3367AD00C9B284 /* SDWebImageDecoder.h */,
				3F9E2D251C3367AD00C9B284 /* SDWebImageDecoder.m */,
				3F9E2D261C3367AD00C9B284 /* SDWebImageDownloader.h */,
				3F9E2D271C3367AD00C9B284 /* SDWebImageDownloader.m */,
				3F9E2D281C3367AD00C9B284 /* SDWebImageDownloaderOperation.h */,
				3F9E2D291C3367AD00C9B284 /* SDWebImageDownloaderOperation.m */,
				3F9E2D2A1C3367AD00C9B284 /* SDWebImageManager.h */,
				3F9E2D2B1C3367AD00C9B284 /* SDWebImageManager.m */,
				3F9E2D2C1C3367AD00C9B284 /* SDWebImageOperation.h */,
				3F9E2D2D1C3367AD00C9B284 /* SDWebImagePrefetcher.h */,
				3F9E2D2E1C3367AD00C9B284 /* SDWebImagePrefetcher.m */,
				3F9E2D2F1C3367AD00C9B284 /* UIButton+WebCache.h */,
				3F9E2D301C3367AD00C9B284 /* UIButton+WebCache.m */,
				3F9E2D311C3367AD00C9B284 /* UIImage+GIF.h */,
				3F9E2D321C3367AD00C9B284 /* UIImage+GIF.m */,
				3F9E2D331C3367AD00C9B284 /* UIImage+MultiFormat.h */,
				3F9E2D341C3367AD00C9B284 /* UIImage+MultiFormat.m */,
				3F9E2D351C3367AD00C9B284 /* UIImageView+HighlightedWebCache.h */,
				3F9E2D361C3367AD00C9B284 /* UIImageView+HighlightedWebCache.m */,
				3F9E2D371C3367AD00C9B284 /* UIImageView+WebCache.h */,
				3F9E2D381C3367AD00C9B284 /* UIImageView+WebCache.m */,
				3F9E2D391C3367AD00C9B284 /* UIView+WebCacheOperation.h */,
				3F9E2D3A1C3367AD00C9B284 /* UIView+WebCacheOperation.m */,
			);
			path = SDWebImage;
			sourceTree = "<group>";
		};
		3FAB07881C3BA36B006AA293 /* IGTabbar */ = {
			isa = PBXGroup;
			children = (
				3FAB078C1C3BA384006AA293 /* IGTabbar.h */,
				3FAB078D1C3BA384006AA293 /* IGTabbar.m */,
				3FAB078F1C3BA39C006AA293 /* IGTabbarComponent.h */,
				3FAB07901C3BA39C006AA293 /* IGTabbarComponent.m */,
			);
			path = IGTabbar;
			sourceTree = "<group>";
		};
		3FCAF8CA1C336E5400FFB0D2 /* Controller */ = {
			isa = PBXGroup;
			children = (
				3F3D455E1C3B99BB00C6D9B3 /* wow.jpg */,
				3FF0EC111C34004500C22B57 /* IGCarouselController.h */,
				3FF0EC121C34004500C22B57 /* IGCarouselController.m */,
				3FF0EC2B1C3509A900C22B57 /* IGReloaderController.h */,
				3FF0EC2C1C3509A900C22B57 /* IGReloaderController.m */,
				3FF0EC351C3515C100C22B57 /* IGReloaderTableViewController.h */,
				3FF0EC361C3515C100C22B57 /* IGReloaderTableViewController.m */,
				3F736B6A1C3A685900DB861F /* IGCustomUIController.xib */,
				3F3D455B1C3B996600C6D9B3 /* IGPhotoScannerController.h */,
				3F3D455C1C3B996600C6D9B3 /* IGPhotoScannerController.m */,
				3FAB07921C3BBBA5006AA293 /* IGTabbarController.h */,
				3FAB07931C3BBBA5006AA293 /* IGTabbarController.m */,
				3F177EC91C51230900698652 /* IGMaskerController.h */,
				3F177ECA1C51230900698652 /* IGMaskerController.m */,
				3F177ED41C53502900698652 /* IGDisplayerController.h */,
				3F177ED51C53502900698652 /* IGDisplayerController.m */,
			);
			path = Controller;
			sourceTree = "<group>";
		};
		BF43E2A98738DFA9A6FA749D /* Frameworks */ = {
			isa = PBXGroup;
			children = (
				35457D3233382F8AC72FB1CC /* libPods.a */,
			);
			name = Frameworks;
			sourceTree = "<group>";
		};
		CB51983C9C4650AA1C00764A /* Pods */ = {
			isa = PBXGroup;
			children = (
				969A16D9872AE1215EEE8946 /* Pods.debug.xcconfig */,
				EC6F3D6F0D7541CC35E5CD6C /* Pods.release.xcconfig */,
			);
			name = Pods;
			sourceTree = "<group>";
		};
/* End PBXGroup section */

/* Begin PBXNativeTarget section */
		3F9E2C9F1C33631500C9B284 /* IGCustom */ = {
			isa = PBXNativeTarget;
			buildConfigurationList = 3F9E2CCD1C33631500C9B284 /* Build configuration list for PBXNativeTarget "IGCustom" */;
			buildPhases = (
				374899FECA1F9CB3107DEBF3 /* Check Pods Manifest.lock */,
				3F9E2C9C1C33631500C9B284 /* Sources */,
				3F9E2C9D1C33631500C9B284 /* Frameworks */,
				3F9E2C9E1C33631500C9B284 /* Resources */,
				001BADBE27FD5A1B20FE6BD3 /* Embed Pods Frameworks */,
				22C9B39BF048AA1F0A046E39 /* Copy Pods Resources */,
			);
			buildRules = (
			);
			dependencies = (
			);
			name = IGCustom;
			productName = IGCustom;
			productReference = 3F9E2CA01C33631500C9B284 /* IGCustom.app */;
			productType = "com.apple.product-type.application";
		};
		3F9E2CB81C33631500C9B284 /* IGCustomTests */ = {
			isa = PBXNativeTarget;
			buildConfigurationList = 3F9E2CD01C33631500C9B284 /* Build configuration list for PBXNativeTarget "IGCustomTests" */;
			buildPhases = (
				3F9E2CB51C33631500C9B284 /* Sources */,
				3F9E2CB61C33631500C9B284 /* Frameworks */,
				3F9E2CB71C33631500C9B284 /* Resources */,
			);
			buildRules = (
			);
			dependencies = (
				3F9E2CBB1C33631500C9B284 /* PBXTargetDependency */,
			);
			name = IGCustomTests;
			productName = IGCustomTests;
			productReference = 3F9E2CB91C33631500C9B284 /* IGCustomTests.xctest */;
			productType = "com.apple.product-type.bundle.unit-test";
		};
		3F9E2CC31C33631500C9B284 /* IGCustomUITests */ = {
			isa = PBXNativeTarget;
			buildConfigurationList = 3F9E2CD31C33631500C9B284 /* Build configuration list for PBXNativeTarget "IGCustomUITests" */;
			buildPhases = (
				3F9E2CC01C33631500C9B284 /* Sources */,
				3F9E2CC11C33631500C9B284 /* Frameworks */,
				3F9E2CC21C33631500C9B284 /* Resources */,
			);
			buildRules = (
			);
			dependencies = (
				3F9E2CC61C33631500C9B284 /* PBXTargetDependency */,
			);
			name = IGCustomUITests;
			productName = IGCustomUITests;
			productReference = 3F9E2CC41C33631500C9B284 /* IGCustomUITests.xctest */;
			productType = "com.apple.product-type.bundle.ui-testing";
		};
/* End PBXNativeTarget section */

/* Begin PBXProject section */
		3F9E2C981C33631500C9B284 /* Project object */ = {
			isa = PBXProject;
			attributes = {
				LastUpgradeCheck = 0720;
				ORGANIZATIONNAME = "一斌";
				TargetAttributes = {
					3F9E2C9F1C33631500C9B284 = {
						CreatedOnToolsVersion = 7.2;
					};
					3F9E2CB81C33631500C9B284 = {
						CreatedOnToolsVersion = 7.2;
						TestTargetID = 3F9E2C9F1C33631500C9B284;
					};
					3F9E2CC31C33631500C9B284 = {
						CreatedOnToolsVersion = 7.2;
						TestTargetID = 3F9E2C9F1C33631500C9B284;
					};
				};
			};
			buildConfigurationList = 3F9E2C9B1C33631500C9B284 /* Build configuration list for PBXProject "IGCustom" */;
			compatibilityVersion = "Xcode 3.2";
			developmentRegion = English;
			hasScannedForEncodings = 0;
			knownRegions = (
				en,
				Base,
			);
			mainGroup = 3F9E2C971C33631500C9B284;
			productRefGroup = 3F9E2CA11C33631500C9B284 /* Products */;
			projectDirPath = "";
			projectRoot = "";
			targets = (
				3F9E2C9F1C33631500C9B284 /* IGCustom */,
				3F9E2CB81C33631500C9B284 /* IGCustomTests */,
				3F9E2CC31C33631500C9B284 /* IGCustomUITests */,
			);
		};
/* End PBXProject section */

/* Begin PBXResourcesBuildPhase section */
		3F9E2C9E1C33631500C9B284 /* Resources */ = {
			isa = PBXResourcesBuildPhase;
			buildActionMask = 2147483647;
			files = (
				3F9E2CB31C33631500C9B284 /* LaunchScreen.storyboard in Resources */,
				3F736B6C1C3A685900DB861F /* IGCustomUIController.xib in Resources */,
				3F9E2CB01C33631500C9B284 /* Assets.xcassets in Resources */,
				3F9E2CAE1C33631500C9B284 /* Main.storyboard in Resources */,
				3F6E92731C55248A00E8A050 /* arrow_top.png in Resources */,
				3F9E2D3B1C3367AD00C9B284 /* LICENSE in Resources */,
				3F3D455F1C3B99BB00C6D9B3 /* wow.jpg in Resources */,
			);
			runOnlyForDeploymentPostprocessing = 0;
		};
		3F9E2CB71C33631500C9B284 /* Resources */ = {
			isa = PBXResourcesBuildPhase;
			buildActionMask = 2147483647;
			files = (
			);
			runOnlyForDeploymentPostprocessing = 0;
		};
		3F9E2CC21C33631500C9B284 /* Resources */ = {
			isa = PBXResourcesBuildPhase;
			buildActionMask = 2147483647;
			files = (
			);
			runOnlyForDeploymentPostprocessing = 0;
		};
/* End PBXResourcesBuildPhase section */

/* Begin PBXShellScriptBuildPhase section */
		001BADBE27FD5A1B20FE6BD3 /* Embed Pods Frameworks */ = {
			isa = PBXShellScriptBuildPhase;
			buildActionMask = 2147483647;
			files = (
			);
			inputPaths = (
			);
			name = "Embed Pods Frameworks";
			outputPaths = (
			);
			runOnlyForDeploymentPostprocessing = 0;
			shellPath = /bin/sh;
			shellScript = "\"${SRCROOT}/Pods/Target Support Files/Pods/Pods-frameworks.sh\"\n";
			showEnvVarsInLog = 0;
		};
		22C9B39BF048AA1F0A046E39 /* Copy Pods Resources */ = {
			isa = PBXShellScriptBuildPhase;
			buildActionMask = 2147483647;
			files = (
			);
			inputPaths = (
			);
			name = "Copy Pods Resources";
			outputPaths = (
			);
			runOnlyForDeploymentPostprocessing = 0;
			shellPath = /bin/sh;
			shellScript = "\"${SRCROOT}/Pods/Target Support Files/Pods/Pods-resources.sh\"\n";
			showEnvVarsInLog = 0;
		};
		374899FECA1F9CB3107DEBF3 /* Check Pods Manifest.lock */ = {
			isa = PBXShellScriptBuildPhase;
			buildActionMask = 2147483647;
			files = (
			);
			inputPaths = (
			);
			name = "Check Pods Manifest.lock";
			outputPaths = (
			);
			runOnlyForDeploymentPostprocessing = 0;
			shellPath = /bin/sh;
			shellScript = "diff \"${PODS_ROOT}/../Podfile.lock\" \"${PODS_ROOT}/Manifest.lock\" > /dev/null\nif [[ $? != 0 ]] ; then\n    cat << EOM\nerror: The sandbox is not in sync with the Podfile.lock. Run 'pod install' or update your CocoaPods installation.\nEOM\n    exit 1\nfi\n";
			showEnvVarsInLog = 0;
		};
/* End PBXShellScriptBuildPhase section */

/* Begin PBXSourcesBuildPhase section */
		3F9E2C9C1C33631500C9B284 /* Sources */ = {
			isa = PBXSourcesBuildPhase;
			buildActionMask = 2147483647;
			files = (
				3F9E2D461C3367AD00C9B284 /* UIImage+GIF.m in Sources */,
				3FF0EC2D1C3509A900C22B57 /* IGReloaderController.m in Sources */,
				3F9E2D491C3367AD00C9B284 /* UIImageView+WebCache.m in Sources */,
				3F3D454F1C3B948700C6D9B3 /* UILabel+IGKit.m in Sources */,
				3F9E2CAB1C33631500C9B284 /* ViewController.m in Sources */,
				3F177EDA1C536E3D00698652 /* UIScrollView+IGFlush.m in Sources */,
				3F9E2D0D1C33663900C9B284 /* IGPhotoScanner.m in Sources */,
				3F177EE01C536E5B00698652 /* IGFlushBottom.m in Sources */,
				3F9E2D3D1C3367AD00C9B284 /* NSData+ImageContentType.m in Sources */,
				3F177EDD1C536E5200698652 /* IGFlushTop.m in Sources */,
				3FAB07911C3BA39C006AA293 /* IGTabbarComponent.m in Sources */,
				3F3D45491C3B948700C6D9B3 /* NSString+IGKit.m in Sources */,
				3FAB07941C3BBBA5006AA293 /* IGTabbarController.m in Sources */,
				3F9E2D401C3367AD00C9B284 /* SDWebImageDecoder.m in Sources */,
				3F3D454C1C3B948700C6D9B3 /* UIColor+IGKit.m in Sources */,
				3F3D454E1C3B948700C6D9B3 /* UIImageView+IGKit.m in Sources */,
				3F9E2D4A1C3367AD00C9B284 /* UIView+WebCacheOperation.m in Sources */,
				3F177ED31C51E8AE00698652 /* IGDisplayer.m in Sources */,
				3F9E2D451C3367AD00C9B284 /* UIButton+WebCache.m in Sources */,
				3F9E2D431C3367AD00C9B284 /* SDWebImageManager.m in Sources */,
				3F3D454D1C3B948700C6D9B3 /* UIImage+IGKit.m in Sources */,
				3F9E2CA81C33631500C9B284 /* AppDelegate.m in Sources */,
				3F177ECB1C51230900698652 /* IGMaskerController.m in Sources */,
				3F9E2D0F1C33663900C9B284 /* IGPhotoViewCell.m in Sources */,
				3F9E2D0C1C33663900C9B284 /* IGPhotoObject.m in Sources */,
				3F9E2D181C33675B00C9B284 /* IGBaseTableView.m in Sources */,
				3F9E2D3C1C3367AD00C9B284 /* README.md in Sources */,
				3F177EC81C510DC800698652 /* IGMasker.m in Sources */,
				3F9E2D411C3367AD00C9B284 /* SDWebImageDownloader.m in Sources */,
				3F9E2D441C3367AD00C9B284 /* SDWebImagePrefetcher.m in Sources */,
				3F9E2CA51C33631500C9B284 /* main.m in Sources */,
				3FF0EC131C34004500C22B57 /* IGCarouselController.m in Sources */,
				3F9E2D481C3367AD00C9B284 /* UIImageView+HighlightedWebCache.m in Sources */,
				3F9E2D3E1C3367AD00C9B284 /* SDImageCache.m in Sources */,
				3F179A511C33FCFA0036A8CE /* IGCarousel.m in Sources */,
				3F3D45501C3B948700C6D9B3 /* UIView+IGKit.m in Sources */,
				3F9E2D421C3367AD00C9B284 /* SDWebImageDownloaderOperation.m in Sources */,
				3FF0EC371C3515C100C22B57 /* IGReloaderTableViewController.m in Sources */,
				3F3D455D1C3B996600C6D9B3 /* IGPhotoScannerController.m in Sources */,
				3F177ED61C53502900698652 /* IGDisplayerController.m in Sources */,
				3F3D454A1C3B948700C6D9B3 /* CALayer+IGKit.m in Sources */,
				3F3D45471C3B948700C6D9B3 /* NSObject+IGKit.m in Sources */,
				3F3D45481C3B948700C6D9B3 /* NSObject+System.m in Sources */,
				3F3D454B1C3B948700C6D9B3 /* UIButton+IGKit.m in Sources */,
				3FF0EC101C33FD2E00C22B57 /* IGCarouselObject.m in Sources */,
				3F9E2D0E1C33663900C9B284 /* IGPhotoToolbar.m in Sources */,
				3FAB078E1C3BA384006AA293 /* IGTabbar.m in Sources */,
				3F9E2D471C3367AD00C9B284 /* UIImage+MultiFormat.m in Sources */,
				3F9E2D3F1C3367AD00C9B284 /* SDWebImageCompat.m in Sources */,
			);
			runOnlyForDeploymentPostprocessing = 0;
		};
		3F9E2CB51C33631500C9B284 /* Sources */ = {
			isa = PBXSourcesBuildPhase;
			buildActionMask = 2147483647;
			files = (
				3F9E2CBE1C33631500C9B284 /* IGCustomTests.m in Sources */,
			);
			runOnlyForDeploymentPostprocessing = 0;
		};
		3F9E2CC01C33631500C9B284 /* Sources */ = {
			isa = PBXSourcesBuildPhase;
			buildActionMask = 2147483647;
			files = (
				3F9E2CC91C33631500C9B284 /* IGCustomUITests.m in Sources */,
			);
			runOnlyForDeploymentPostprocessing = 0;
		};
/* End PBXSourcesBuildPhase section */

/* Begin PBXTargetDependency section */
		3F9E2CBB1C33631500C9B284 /* PBXTargetDependency */ = {
			isa = PBXTargetDependency;
			target = 3F9E2C9F1C33631500C9B284 /* IGCustom */;
			targetProxy = 3F9E2CBA1C33631500C9B284 /* PBXContainerItemProxy */;
		};
		3F9E2CC61C33631500C9B284 /* PBXTargetDependency */ = {
			isa = PBXTargetDependency;
			target = 3F9E2C9F1C33631500C9B284 /* IGCustom */;
			targetProxy = 3F9E2CC51C33631500C9B284 /* PBXContainerItemProxy */;
		};
/* End PBXTargetDependency section */

/* Begin PBXVariantGroup section */
		3F9E2CAC1C33631500C9B284 /* Main.storyboard */ = {
			isa = PBXVariantGroup;
			children = (
				3F9E2CAD1C33631500C9B284 /* Base */,
			);
			name = Main.storyboard;
			sourceTree = "<group>";
		};
		3F9E2CB11C33631500C9B284 /* LaunchScreen.storyboard */ = {
			isa = PBXVariantGroup;
			children = (
				3F9E2CB21C33631500C9B284 /* Base */,
			);
			name = LaunchScreen.storyboard;
			sourceTree = "<group>";
		};
/* End PBXVariantGroup section */

/* Begin XCBuildConfiguration section */
		3F9E2CCB1C33631500C9B284 /* Debug */ = {
			isa = XCBuildConfiguration;
			buildSettings = {
				ALWAYS_SEARCH_USER_PATHS = NO;
				CLANG_CXX_LANGUAGE_STANDARD = "gnu++0x";
				CLANG_CXX_LIBRARY = "libc++";
				CLANG_ENABLE_MODULES = YES;
				CLANG_ENABLE_OBJC_ARC = YES;
				CLANG_WARN_BOOL_CONVERSION = YES;
				CLANG_WARN_CONSTANT_CONVERSION = YES;
				CLANG_WARN_DIRECT_OBJC_ISA_USAGE = YES_ERROR;
				CLANG_WARN_EMPTY_BODY = YES;
				CLANG_WARN_ENUM_CONVERSION = YES;
				CLANG_WARN_INT_CONVERSION = YES;
				CLANG_WARN_OBJC_ROOT_CLASS = YES_ERROR;
				CLANG_WARN_UNREACHABLE_CODE = YES;
				CLANG_WARN__DUPLICATE_METHOD_MATCH = YES;
				"CODE_SIGN_IDENTITY[sdk=iphoneos*]" = "iPhone Developer";
				COPY_PHASE_STRIP = NO;
				DEBUG_INFORMATION_FORMAT = dwarf;
				ENABLE_STRICT_OBJC_MSGSEND = YES;
				ENABLE_TESTABILITY = YES;
				GCC_C_LANGUAGE_STANDARD = gnu99;
				GCC_DYNAMIC_NO_PIC = NO;
				GCC_NO_COMMON_BLOCKS = YES;
				GCC_OPTIMIZATION_LEVEL = 0;
				GCC_PREPROCESSOR_DEFINITIONS = (
					"DEBUG=1",
					"$(inherited)",
				);
				GCC_WARN_64_TO_32_BIT_CONVERSION = YES;
				GCC_WARN_ABOUT_RETURN_TYPE = YES_ERROR;
				GCC_WARN_UNDECLARED_SELECTOR = YES;
				GCC_WARN_UNINITIALIZED_AUTOS = YES_AGGRESSIVE;
				GCC_WARN_UNUSED_FUNCTION = YES;
				GCC_WARN_UNUSED_VARIABLE = YES;
				IPHONEOS_DEPLOYMENT_TARGET = 9.2;
				MTL_ENABLE_DEBUG_INFO = YES;
				ONLY_ACTIVE_ARCH = YES;
				SDKROOT = iphoneos;
			};
			name = Debug;
		};
		3F9E2CCC1C33631500C9B284 /* Release */ = {
			isa = XCBuildConfiguration;
			buildSettings = {
				ALWAYS_SEARCH_USER_PATHS = NO;
				CLANG_CXX_LANGUAGE_STANDARD = "gnu++0x";
				CLANG_CXX_LIBRARY = "libc++";
				CLANG_ENABLE_MODULES = YES;
				CLANG_ENABLE_OBJC_ARC = YES;
				CLANG_WARN_BOOL_CONVERSION = YES;
				CLANG_WARN_CONSTANT_CONVERSION = YES;
				CLANG_WARN_DIRECT_OBJC_ISA_USAGE = YES_ERROR;
				CLANG_WARN_EMPTY_BODY = YES;
				CLANG_WARN_ENUM_CONVERSION = YES;
				CLANG_WARN_INT_CONVERSION = YES;
				CLANG_WARN_OBJC_ROOT_CLASS = YES_ERROR;
				CLANG_WARN_UNREACHABLE_CODE = YES;
				CLANG_WARN__DUPLICATE_METHOD_MATCH = YES;
				"CODE_SIGN_IDENTITY[sdk=iphoneos*]" = "iPhone Developer";
				COPY_PHASE_STRIP = NO;
				DEBUG_INFORMATION_FORMAT = "dwarf-with-dsym";
				ENABLE_NS_ASSERTIONS = NO;
				ENABLE_STRICT_OBJC_MSGSEND = YES;
				GCC_C_LANGUAGE_STANDARD = gnu99;
				GCC_NO_COMMON_BLOCKS = YES;
				GCC_WARN_64_TO_32_BIT_CONVERSION = YES;
				GCC_WARN_ABOUT_RETURN_TYPE = YES_ERROR;
				GCC_WARN_UNDECLARED_SELECTOR = YES;
				GCC_WARN_UNINITIALIZED_AUTOS = YES_AGGRESSIVE;
				GCC_WARN_UNUSED_FUNCTION = YES;
				GCC_WARN_UNUSED_VARIABLE = YES;
				IPHONEOS_DEPLOYMENT_TARGET = 9.2;
				MTL_ENABLE_DEBUG_INFO = NO;
				SDKROOT = iphoneos;
				VALIDATE_PRODUCT = YES;
			};
			name = Release;
		};
		3F9E2CCE1C33631500C9B284 /* Debug */ = {
			isa = XCBuildConfiguration;
			baseConfigurationReference = 969A16D9872AE1215EEE8946 /* Pods.debug.xcconfig */;
			buildSettings = {
				ASSETCATALOG_COMPILER_APPICON_NAME = AppIcon;
				GCC_PRECOMPILE_PREFIX_HEADER = YES;
				GCC_PREFIX_HEADER = IGCustom/IGHeader.pch;
				INFOPLIST_FILE = IGCustom/Info.plist;
				IPHONEOS_DEPLOYMENT_TARGET = 7.0;
				LD_RUNPATH_SEARCH_PATHS = "$(inherited) @executable_path/Frameworks";
				PRODUCT_BUNDLE_IDENTIFIER = iGalactus.IGCustom;
				PRODUCT_NAME = "$(TARGET_NAME)";
			};
			name = Debug;
		};
		3F9E2CCF1C33631500C9B284 /* Release */ = {
			isa = XCBuildConfiguration;
			baseConfigurationReference = EC6F3D6F0D7541CC35E5CD6C /* Pods.release.xcconfig */;
			buildSettings = {
				ASSETCATALOG_COMPILER_APPICON_NAME = AppIcon;
				GCC_PRECOMPILE_PREFIX_HEADER = YES;
				GCC_PREFIX_HEADER = IGCustom/IGHeader.pch;
				INFOPLIST_FILE = IGCustom/Info.plist;
				IPHONEOS_DEPLOYMENT_TARGET = 7.0;
				LD_RUNPATH_SEARCH_PATHS = "$(inherited) @executable_path/Frameworks";
				PRODUCT_BUNDLE_IDENTIFIER = iGalactus.IGCustom;
				PRODUCT_NAME = "$(TARGET_NAME)";
			};
			name = Release;
		};
		3F9E2CD11C33631500C9B284 /* Debug */ = {
			isa = XCBuildConfiguration;
			buildSettings = {
				BUNDLE_LOADER = "$(TEST_HOST)";
				INFOPLIST_FILE = IGCustomTests/Info.plist;
				LD_RUNPATH_SEARCH_PATHS = "$(inherited) @executable_path/Frameworks @loader_path/Frameworks";
				PRODUCT_BUNDLE_IDENTIFIER = iGalactus.IGCustomTests;
				PRODUCT_NAME = "$(TARGET_NAME)";
				TEST_HOST = "$(BUILT_PRODUCTS_DIR)/IGCustom.app/IGCustom";
			};
			name = Debug;
		};
		3F9E2CD21C33631500C9B284 /* Release */ = {
			isa = XCBuildConfiguration;
			buildSettings = {
				BUNDLE_LOADER = "$(TEST_HOST)";
				INFOPLIST_FILE = IGCustomTests/Info.plist;
				LD_RUNPATH_SEARCH_PATHS = "$(inherited) @executable_path/Frameworks @loader_path/Frameworks";
				PRODUCT_BUNDLE_IDENTIFIER = iGalactus.IGCustomTests;
				PRODUCT_NAME = "$(TARGET_NAME)";
				TEST_HOST = "$(BUILT_PRODUCTS_DIR)/IGCustom.app/IGCustom";
			};
			name = Release;
		};
		3F9E2CD41C33631500C9B284 /* Debug */ = {
			isa = XCBuildConfiguration;
			buildSettings = {
				INFOPLIST_FILE = IGCustomUITests/Info.plist;
				LD_RUNPATH_SEARCH_PATHS = "$(inherited) @executable_path/Frameworks @loader_path/Frameworks";
				PRODUCT_BUNDLE_IDENTIFIER = iGalactus.IGCustomUITests;
				PRODUCT_NAME = "$(TARGET_NAME)";
				TEST_TARGET_NAME = IGCustom;
				USES_XCTRUNNER = YES;
			};
			name = Debug;
		};
		3F9E2CD51C33631500C9B284 /* Release */ = {
			isa = XCBuildConfiguration;
			buildSettings = {
				INFOPLIST_FILE = IGCustomUITests/Info.plist;
				LD_RUNPATH_SEARCH_PATHS = "$(inherited) @executable_path/Frameworks @loader_path/Frameworks";
				PRODUCT_BUNDLE_IDENTIFIER = iGalactus.IGCustomUITests;
				PRODUCT_NAME = "$(TARGET_NAME)";
				TEST_TARGET_NAME = IGCustom;
				USES_XCTRUNNER = YES;
			};
			name = Release;
		};
/* End XCBuildConfiguration section */

/* Begin XCConfigurationList section */
		3F9E2C9B1C33631500C9B284 /* Build configuration list for PBXProject "IGCustom" */ = {
			isa = XCConfigurationList;
			buildConfigurations = (
				3F9E2CCB1C33631500C9B284 /* Debug */,
				3F9E2CCC1C33631500C9B284 /* Release */,
			);
			defaultConfigurationIsVisible = 0;
			defaultConfigurationName = Release;
		};
		3F9E2CCD1C33631500C9B284 /* Build configuration list for PBXNativeTarget "IGCustom" */ = {
			isa = XCConfigurationList;
			buildConfigurations = (
				3F9E2CCE1C33631500C9B284 /* Debug */,
				3F9E2CCF1C33631500C9B284 /* Release */,
			);
			defaultConfigurationIsVisible = 0;
			defaultConfigurationName = Release;
		};
		3F9E2CD01C33631500C9B284 /* Build configuration list for PBXNativeTarget "IGCustomTests" */ = {
			isa = XCConfigurationList;
			buildConfigurations = (
				3F9E2CD11C33631500C9B284 /* Debug */,
				3F9E2CD21C33631500C9B284 /* Release */,
			);
			defaultConfigurationIsVisible = 0;
			defaultConfigurationName = Release;
		};
		3F9E2CD31C33631500C9B284 /* Build configuration list for PBXNativeTarget "IGCustomUITests" */ = {
			isa = XCConfigurationList;
			buildConfigurations = (
				3F9E2CD41C33631500C9B284 /* Debug */,
				3F9E2CD51C33631500C9B284 /* Release */,
			);
			defaultConfigurationIsVisible = 0;
			defaultConfigurationName = Release;
		};
/* End XCConfigurationList section */
	};
	rootObject = 3F9E2C981C33631500C9B284 /* Project object */;
}
